
Microsoft Visual Studio Solution File, Format Version 12.00
# Visual Studio Version 16
VisualStudioVersion = 16.0.28803.202
MinimumVisualStudioVersion = 10.0.40219.1
Project("{FAE04EC0-301F-11D3-BF4B-00C04F79EFBC}") = "CarAPI", "CarAPI\CarAPI.csproj", "{76A6E0BF-FBFE-4738-BA4A-0B94E7321480}"
EndProject
Global
	GlobalSection(SolutionConfigurationPlatforms) = preSolution
		Debug|Any CPU = Debug|Any CPU
		Release|Any CPU = Release|Any CPU
	EndGlobalSection
	GlobalSection(ProjectConfigurationPlatforms) = postSolution
		{76A6E0BF-FBFE-4738-BA4A-0B94E7321480}.Debug|Any CPU.ActiveCfg = Debug|Any CPU
		{76A6E0BF-FBFE-4738-BA4A-0B94E7321480}.Debug|Any CPU.Build.0 = Debug|Any CPU
		{76A6E0BF-FBFE-4738-BA4A-0B94E7321480}.Release|Any CPU.ActiveCfg = Release|Any CPU
		{76A6E0BF-FBFE-4738-BA4A-0B94E7321480}.Release|Any CPU.Build.0 = Release|Any CPU
	EndGlobalSection
	GlobalSection(SolutionProperties) = preSolution
		HideSolutionNode = FALSE
	EndGlobalSection
	GlobalSection(ExtensibilityGlobals) = postSolution
		SolutionGuid = {D998F556-BFF6-46EA-B607-61101458676D}
	EndGlobalSection
EndGlobal
